
Microsoft Visual Studio Solution File, Format Version 12.00
# Visual Studio Version 17
VisualStudioVersion = 17.2.32630.192
MinimumVisualStudioVersion = 10.0.40219.1
Project("{8BC9CEB8-8B4A-11D0-8D11-00A0C91BC942}") = "Строки_string", "Строки_string\Строки_string.vcxproj", "{BCA31F15-029F-4090-B86F-8E86EDC7497B}"
EndProject
Global
	GlobalSection(SolutionConfigurationPlatforms) = preSolution
		Debug|x64 = Debug|x64
		Debug|x86 = Debug|x86
		Release|x64 = Release|x64
		Release|x86 = Release|x86
	EndGlobalSection
	GlobalSection(ProjectConfigurationPlatforms) = postSolution
		{BCA31F15-029F-4090-B86F-8E86EDC7497B}.Debug|x64.ActiveCfg = Debug|x64
		{BCA31F15-029F-4090-B86F-8E86EDC7497B}.Debug|x64.Build.0 = Debug|x64
		{BCA31F15-029F-4090-B86F-8E86EDC7497B}.Debug|x86.ActiveCfg = Debug|Win32
		{BCA31F15-029F-4090-B86F-8E86EDC7497B}.Debug|x86.Build.0 = Debug|Win32
		{BCA31F15-029F-4090-B86F-8E86EDC7497B}.Release|x64.ActiveCfg = Release|x64
		{BCA31F15-029F-4090-B86F-8E86EDC7497B}.Release|x64.Build.0 = Release|x64
		{BCA31F15-029F-4090-B86F-8E86EDC7497B}.Release|x86.ActiveCfg = Release|Win32
		{BCA31F15-029F-4090-B86F-8E86EDC7497B}.Release|x86.Build.0 = Release|Win32
	EndGlobalSection
	GlobalSection(SolutionProperties) = preSolution
		HideSolutionNode = FALSE
	EndGlobalSection
	GlobalSection(ExtensibilityGlobals) = postSolution
		SolutionGuid = {434C24EE-F1F5-445E-A9D6-321B260D0AA4}
	EndGlobalSection
EndGlobal
